
Microsoft Visual Studio Solution File, Format Version 12.00
# Visual Studio Version 17
VisualStudioVersion = 17.6.33829.357
MinimumVisualStudioVersion = 10.0.40219.1
Project("{8BC9CEB8-8B4A-11D0-8D11-00A0C91BC942}") = "The-Gumbler", "The-Gumbler\The-Gumbler.vcxproj", "{C5902C6D-067F-47B0-80E3-ECF75E559250}"
EndProject
Project("{8BC9CEB8-8B4A-11D0-8D11-00A0C91BC942}") = "Test Game", "Test Game\Test Game.vcxproj", "{EEC0114C-B856-491A-8C33-733BF8770B63}"
EndProject
Global
	GlobalSection(SolutionConfigurationPlatforms) = preSolution
		Debug|x64 = Debug|x64
		Debug|x86 = Debug|x86
		Release|x64 = Release|x64
		Release|x86 = Release|x86
	EndGlobalSection
	GlobalSection(ProjectConfigurationPlatforms) = postSolution
		{C5902C6D-067F-47B0-80E3-ECF75E559250}.Debug|x64.ActiveCfg = Debug|x64
		{C5902C6D-067F-47B0-80E3-ECF75E559250}.Debug|x64.Build.0 = Debug|x64
		{C5902C6D-067F-47B0-80E3-ECF75E559250}.Debug|x86.ActiveCfg = Debug|Win32
		{C5902C6D-067F-47B0-80E3-ECF75E559250}.Debug|x86.Build.0 = Debug|Win32
		{C5902C6D-067F-47B0-80E3-ECF75E559250}.Release|x64.ActiveCfg = Release|x64
		{C5902C6D-067F-47B0-80E3-ECF75E559250}.Release|x64.Build.0 = Release|x64
		{C5902C6D-067F-47B0-80E3-ECF75E559250}.Release|x86.ActiveCfg = Release|Win32
		{C5902C6D-067F-47B0-80E3-ECF75E559250}.Release|x86.Build.0 = Release|Win32
		{EEC0114C-B856-491A-8C33-733BF8770B63}.Debug|x64.ActiveCfg = Debug|x64
		{EEC0114C-B856-491A-8C33-733BF8770B63}.Debug|x64.Build.0 = Debug|x64
		{EEC0114C-B856-491A-8C33-733BF8770B63}.Debug|x86.ActiveCfg = Debug|Win32
		{EEC0114C-B856-491A-8C33-733BF8770B63}.Debug|x86.Build.0 = Debug|Win32
		{EEC0114C-B856-491A-8C33-733BF8770B63}.Release|x64.ActiveCfg = Release|x64
		{EEC0114C-B856-491A-8C33-733BF8770B63}.Release|x64.Build.0 = Release|x64
		{EEC0114C-B856-491A-8C33-733BF8770B63}.Release|x86.ActiveCfg = Release|Win32
		{EEC0114C-B856-491A-8C33-733BF8770B63}.Release|x86.Build.0 = Release|Win32
	EndGlobalSection
	GlobalSection(SolutionProperties) = preSolution
		HideSolutionNode = FALSE
	EndGlobalSection
	GlobalSection(ExtensibilityGlobals) = postSolution
		SolutionGuid = {E0AA1729-7D94-477E-A146-4BB9B456DAAF}
	EndGlobalSection
EndGlobal
